// !$*UTF8*$!
{
	archiveVersion = 1;
	classes = {
	};
	objectVersion = 46;
	objects = {

/* Begin PBXBuildFile section */
		5A867CB718A6CC9E002F43B8 /* SNInteractionTableViewController.m in Sources */ = {isa = PBXBuildFile; fileRef = 5A867CB618A6CC9E002F43B8 /* SNInteractionTableViewController.m */; };
		5A87C84518A3E75800928A4A /* Foundation.framework in Frameworks */ = {isa = PBXBuildFile; fileRef = 5A87C84418A3E75800928A4A /* Foundation.framework */; };
		5A87C84718A3E75800928A4A /* CoreGraphics.framework in Frameworks */ = {isa = PBXBuildFile; fileRef = 5A87C84618A3E75800928A4A /* CoreGraphics.framework */; };
		5A87C84918A3E75800928A4A /* UIKit.framework in Frameworks */ = {isa = PBXBuildFile; fileRef = 5A87C84818A3E75800928A4A /* UIKit.framework */; };
		5A87C84F18A3E75800928A4A /* InfoPlist.strings in Resources */ = {isa = PBXBuildFile; fileRef = 5A87C84D18A3E75800928A4A /* InfoPlist.strings */; };
		5A87C85118A3E75800928A4A /* main.m in Sources */ = {isa = PBXBuildFile; fileRef = 5A87C85018A3E75800928A4A /* main.m */; };
		5A87C85518A3E75800928A4A /* SNLExampleAppDelegate.m in Sources */ = {isa = PBXBuildFile; fileRef = 5A87C85418A3E75800928A4A /* SNLExampleAppDelegate.m */; };
		5A87C85718A3E75800928A4A /* Images.xcassets in Resources */ = {isa = PBXBuildFile; fileRef = 5A87C85618A3E75800928A4A /* Images.xcassets */; };
		5A87C85E18A3E75800928A4A /* XCTest.framework in Frameworks */ = {isa = PBXBuildFile; fileRef = 5A87C85D18A3E75800928A4A /* XCTest.framework */; };
		5A87C85F18A3E75800928A4A /* Foundation.framework in Frameworks */ = {isa = PBXBuildFile; fileRef = 5A87C84418A3E75800928A4A /* Foundation.framework */; };
		5A87C86018A3E75800928A4A /* UIKit.framework in Frameworks */ = {isa = PBXBuildFile; fileRef = 5A87C84818A3E75800928A4A /* UIKit.framework */; };
		5A87C86818A3E75800928A4A /* InfoPlist.strings in Resources */ = {isa = PBXBuildFile; fileRef = 5A87C86618A3E75800928A4A /* InfoPlist.strings */; };
		5A87C86A18A3E75800928A4A /* InteractionTableViewExampleTests.m in Sources */ = {isa = PBXBuildFile; fileRef = 5A87C86918A3E75800928A4A /* InteractionTableViewExampleTests.m */; };
		5A87C87818A3E8BE00928A4A /* Storyboard_iPhone.storyboard in Resources */ = {isa = PBXBuildFile; fileRef = 5A87C87718A3E8BE00928A4A /* Storyboard_iPhone.storyboard */; };
		5A87C87B18A3E91A00928A4A /* SNIETableViewController.m in Sources */ = {isa = PBXBuildFile; fileRef = 5A87C87A18A3E91A00928A4A /* SNIETableViewController.m */; };
		5A87C88118A3E9F300928A4A /* SNInteractionTableView.m in Sources */ = {isa = PBXBuildFile; fileRef = 5A87C88018A3E9F300928A4A /* SNInteractionTableView.m */; };
		5A87C90E18A3EBCA00928A4A /* Storyboard_iPad.storyboard in Resources */ = {isa = PBXBuildFile; fileRef = 5A87C90D18A3EBCA00928A4A /* Storyboard_iPad.storyboard */; };
		5A87C95F18A3FB1B00928A4A /* SNInteractionCell.m in Sources */ = {isa = PBXBuildFile; fileRef = 5A87C95E18A3FB1A00928A4A /* SNInteractionCell.m */; };
		5A87C96518A4020500928A4A /* SNIETableViewCell.m in Sources */ = {isa = PBXBuildFile; fileRef = 5A87C96418A4020500928A4A /* SNIETableViewCell.m */; };
/* End PBXBuildFile section */

/* Begin PBXContainerItemProxy section */
		5A87C86118A3E75800928A4A /* PBXContainerItemProxy */ = {
			isa = PBXContainerItemProxy;
			containerPortal = 5A87C83918A3E75800928A4A /* Project object */;
			proxyType = 1;
			remoteGlobalIDString = 5A87C84018A3E75800928A4A;
			remoteInfo = InteractionTableViewExample;
		};
/* End PBXContainerItemProxy section */

/* Begin PBXFileReference section */
		5A867CB518A6CC9E002F43B8 /* SNInteractionTableViewController.h */ = {isa = PBXFileReference; fileEncoding = 4; lastKnownFileType = sourcecode.c.h; name = SNInteractionTableViewController.h; path = ../SNInteractionTableView/SNInteractionTableViewController.h; sourceTree = "<group>"; };
		5A867CB618A6CC9E002F43B8 /* SNInteractionTableViewController.m */ = {isa = PBXFileReference; fileEncoding = 4; lastKnownFileType = sourcecode.c.objc; name = SNInteractionTableViewController.m; path = ../SNInteractionTableView/SNInteractionTableViewController.m; sourceTree = "<group>"; };
		5A87C84118A3E75800928A4A /* InteractionTableViewExample.app */ = {isa = PBXFileReference; explicitFileType = wrapper.application; includeInIndex = 0; path = InteractionTableViewExample.app; sourceTree = BUILT_PRODUCTS_DIR; };
		5A87C84418A3E75800928A4A /* Foundation.framework */ = {isa = PBXFileReference; lastKnownFileType = wrapper.framework; name = Foundation.framework; path = System/Library/Frameworks/Foundation.framework; sourceTree = SDKROOT; };
		5A87C84618A3E75800928A4A /* CoreGraphics.framework */ = {isa = PBXFileReference; lastKnownFileType = wrapper.framework; name = CoreGraphics.framework; path = System/Library/Frameworks/CoreGraphics.framework; sourceTree = SDKROOT; };
		5A87C84818A3E75800928A4A /* UIKit.framework */ = {isa = PBXFileReference; lastKnownFileType = wrapper.framework; name = UIKit.framework; path = System/Library/Frameworks/UIKit.framework; sourceTree = SDKROOT; };
		5A87C84C18A3E75800928A4A /* InteractionTableViewExample-Info.plist */ = {isa = PBXFileReference; lastKnownFileType = text.plist.xml; path = "InteractionTableViewExample-Info.plist"; sourceTree = "<group>"; };
		5A87C84E18A3E75800928A4A /* en */ = {isa = PBXFileReference; lastKnownFileType = text.plist.strings; name = en; path = en.lproj/InfoPlist.strings; sourceTree = "<group>"; };
		5A87C85018A3E75800928A4A /* main.m */ = {isa = PBXFileReference; lastKnownFileType = sourcecode.c.objc; path = main.m; sourceTree = "<group>"; };
		5A87C85218A3E75800928A4A /* InteractionTableViewExample-Prefix.pch */ = {isa = PBXFileReference; lastKnownFileType = sourcecode.c.h; path = "InteractionTableViewExample-Prefix.pch"; sourceTree = "<group>"; };
		5A87C85318A3E75800928A4A /* SNLExampleAppDelegate.h */ = {isa = PBXFileReference; lastKnownFileType = sourcecode.c.h; path = SNLExampleAppDelegate.h; sourceTree = "<group>"; };
		5A87C85418A3E75800928A4A /* SNLExampleAppDelegate.m */ = {isa = PBXFileReference; lastKnownFileType = sourcecode.c.objc; path = SNLExampleAppDelegate.m; sourceTree = "<group>"; };
		5A87C85618A3E75800928A4A /* Images.xcassets */ = {isa = PBXFileReference; lastKnownFileType = folder.assetcatalog; path = Images.xcassets; sourceTree = "<group>"; };
		5A87C85C18A3E75800928A4A /* InteractionTableViewExampleTests.xctest */ = {isa = PBXFileReference; explicitFileType = wrapper.cfbundle; includeInIndex = 0; path = InteractionTableViewExampleTests.xctest; sourceTree = BUILT_PRODUCTS_DIR; };
		5A87C85D18A3E75800928A4A /* XCTest.framework */ = {isa = PBXFileReference; lastKnownFileType = wrapper.framework; name = XCTest.framework; path = Library/Frameworks/XCTest.framework; sourceTree = DEVELOPER_DIR; };
		5A87C86518A3E75800928A4A /* InteractionTableViewExampleTests-Info.plist */ = {isa = PBXFileReference; lastKnownFileType = text.plist.xml; path = "InteractionTableViewExampleTests-Info.plist"; sourceTree = "<group>"; };
		5A87C86718A3E75800928A4A /* en */ = {isa = PBXFileReference; lastKnownFileType = text.plist.strings; name = en; path = en.lproj/InfoPlist.strings; sourceTree = "<group>"; };
		5A87C86918A3E75800928A4A /* InteractionTableViewExampleTests.m */ = {isa = PBXFileReference; lastKnownFileType = sourcecode.c.objc; path = InteractionTableViewExampleTests.m; sourceTree = "<group>"; };
		5A87C87718A3E8BE00928A4A /* Storyboard_iPhone.storyboard */ = {isa = PBXFileReference; fileEncoding = 4; lastKnownFileType = file.storyboard; path = Storyboard_iPhone.storyboard; sourceTree = "<group>"; };
		5A87C87918A3E91A00928A4A /* SNIETableViewController.h */ = {isa = PBXFileReference; fileEncoding = 4; lastKnownFileType = sourcecode.c.h; path = SNIETableViewController.h; sourceTree = "<group>"; };
		5A87C87A18A3E91A00928A4A /* SNIETableViewController.m */ = {isa = PBXFileReference; fileEncoding = 4; lastKnownFileType = sourcecode.c.objc; lineEnding = 0; path = SNIETableViewController.m; sourceTree = "<group>"; xcLanguageSpecificationIdentifier = xcode.lang.objc; };
		5A87C87F18A3E9F300928A4A /* SNInteractionTableView.h */ = {isa = PBXFileReference; fileEncoding = 4; lastKnownFileType = sourcecode.c.h; lineEnding = 0; name = SNInteractionTableView.h; path = ../SNInteractionTableView/SNInteractionTableView.h; sourceTree = "<group>"; xcLanguageSpecificationIdentifier = xcode.lang.objcpp; };
		5A87C88018A3E9F300928A4A /* SNInteractionTableView.m */ = {isa = PBXFileReference; fileEncoding = 4; lastKnownFileType = sourcecode.c.objc; name = SNInteractionTableView.m; path = ../SNInteractionTableView/SNInteractionTableView.m; sourceTree = "<group>"; };
		5A87C90D18A3EBCA00928A4A /* Storyboard_iPad.storyboard */ = {isa = PBXFileReference; fileEncoding = 4; lastKnownFileType = file.storyboard; path = Storyboard_iPad.storyboard; sourceTree = "<group>"; };
		5A87C95D18A3FB1A00928A4A /* SNInteractionCell.h */ = {isa = PBXFileReference; fileEncoding = 4; lastKnownFileType = sourcecode.c.h; lineEnding = 0; name = SNInteractionCell.h; path = ../SNInteractionTableView/SNInteractionCell.h; sourceTree = "<group>"; xcLanguageSpecificationIdentifier = xcode.lang.objcpp; };
		5A87C95E18A3FB1A00928A4A /* SNInteractionCell.m */ = {isa = PBXFileReference; fileEncoding = 4; lastKnownFileType = sourcecode.c.objc; lineEnding = 0; name = SNInteractionCell.m; path = ../SNInteractionTableView/SNInteractionCell.m; sourceTree = "<group>"; xcLanguageSpecificationIdentifier = xcode.lang.objc; };
		5A87C96318A4020500928A4A /* SNIETableViewCell.h */ = {isa = PBXFileReference; fileEncoding = 4; lastKnownFileType = sourcecode.c.h; path = SNIETableViewCell.h; sourceTree = "<group>"; };
		5A87C96418A4020500928A4A /* SNIETableViewCell.m */ = {isa = PBXFileReference; fileEncoding = 4; lastKnownFileType = sourcecode.c.objc; path = SNIETableViewCell.m; sourceTree = "<group>"; };
/* End PBXFileReference section */

/* Begin PBXFrameworksBuildPhase section */
		5A87C83E18A3E75800928A4A /* Frameworks */ = {
			isa = PBXFrameworksBuildPhase;
			buildActionMask = 2147483647;
			files = (
				5A87C84718A3E75800928A4A /* CoreGraphics.framework in Frameworks */,
				5A87C84918A3E75800928A4A /* UIKit.framework in Frameworks */,
				5A87C84518A3E75800928A4A /* Foundation.framework in Frameworks */,
			);
			runOnlyForDeploymentPostprocessing = 0;
		};
		5A87C85918A3E75800928A4A /* Frameworks */ = {
			isa = PBXFrameworksBuildPhase;
			buildActionMask = 2147483647;
			files = (
				5A87C85E18A3E75800928A4A /* XCTest.framework in Frameworks */,
				5A87C86018A3E75800928A4A /* UIKit.framework in Frameworks */,
				5A87C85F18A3E75800928A4A /* Foundation.framework in Frameworks */,
			);
			runOnlyForDeploymentPostprocessing = 0;
		};
/* End PBXFrameworksBuildPhase section */

/* Begin PBXGroup section */
		5A87C83818A3E75800928A4A = {
			isa = PBXGroup;
			children = (
				5A87C87618A3E86F00928A4A /* SNInteractionTableView */,
				5A87C84A18A3E75800928A4A /* InteractionTableViewExample */,
				5A87C86318A3E75800928A4A /* InteractionTableViewExampleTests */,
				5A87C84318A3E75800928A4A /* Frameworks */,
				5A87C84218A3E75800928A4A /* Products */,
			);
			sourceTree = "<group>";
		};
		5A87C84218A3E75800928A4A /* Products */ = {
			isa = PBXGroup;
			children = (
				5A87C84118A3E75800928A4A /* InteractionTableViewExample.app */,
				5A87C85C18A3E75800928A4A /* InteractionTableViewExampleTests.xctest */,
			);
			name = Products;
			sourceTree = "<group>";
		};
		5A87C84318A3E75800928A4A /* Frameworks */ = {
			isa = PBXGroup;
			children = (
				5A87C84418A3E75800928A4A /* Foundation.framework */,
				5A87C84618A3E75800928A4A /* CoreGraphics.framework */,
				5A87C84818A3E75800928A4A /* UIKit.framework */,
				5A87C85D18A3E75800928A4A /* XCTest.framework */,
			);
			name = Frameworks;
			sourceTree = "<group>";
		};
		5A87C84A18A3E75800928A4A /* InteractionTableViewExample */ = {
			isa = PBXGroup;
			children = (
				5A87C85318A3E75800928A4A /* SNLExampleAppDelegate.h */,
				5A87C85418A3E75800928A4A /* SNLExampleAppDelegate.m */,
				5A87C87918A3E91A00928A4A /* SNIETableViewController.h */,
				5A87C87A18A3E91A00928A4A /* SNIETableViewController.m */,
				5A87C96318A4020500928A4A /* SNIETableViewCell.h */,
				5A87C96418A4020500928A4A /* SNIETableViewCell.m */,
				5A87C87718A3E8BE00928A4A /* Storyboard_iPhone.storyboard */,
				5A87C90D18A3EBCA00928A4A /* Storyboard_iPad.storyboard */,
				5A87C85618A3E75800928A4A /* Images.xcassets */,
				5A87C84B18A3E75800928A4A /* Supporting Files */,
			);
			path = InteractionTableViewExample;
			sourceTree = "<group>";
		};
		5A87C84B18A3E75800928A4A /* Supporting Files */ = {
			isa = PBXGroup;
			children = (
				5A87C84C18A3E75800928A4A /* InteractionTableViewExample-Info.plist */,
				5A87C84D18A3E75800928A4A /* InfoPlist.strings */,
				5A87C85018A3E75800928A4A /* main.m */,
				5A87C85218A3E75800928A4A /* InteractionTableViewExample-Prefix.pch */,
			);
			name = "Supporting Files";
			sourceTree = "<group>";
		};
		5A87C86318A3E75800928A4A /* InteractionTableViewExampleTests */ = {
			isa = PBXGroup;
			children = (
				5A87C86918A3E75800928A4A /* InteractionTableViewExampleTests.m */,
				5A87C86418A3E75800928A4A /* Supporting Files */,
			);
			path = InteractionTableViewExampleTests;
			sourceTree = "<group>";
		};
		5A87C86418A3E75800928A4A /* Supporting Files */ = {
			isa = PBXGroup;
			children = (
				5A87C86518A3E75800928A4A /* InteractionTableViewExampleTests-Info.plist */,
				5A87C86618A3E75800928A4A /* InfoPlist.strings */,
			);
			name = "Supporting Files";
			sourceTree = "<group>";
		};
		5A87C87618A3E86F00928A4A /* SNInteractionTableView */ = {
			isa = PBXGroup;
			children = (
				5A867CB518A6CC9E002F43B8 /* SNInteractionTableViewController.h */,
				5A867CB618A6CC9E002F43B8 /* SNInteractionTableViewController.m */,
				5A87C87F18A3E9F300928A4A /* SNInteractionTableView.h */,
				5A87C88018A3E9F300928A4A /* SNInteractionTableView.m */,
				5A87C95D18A3FB1A00928A4A /* SNInteractionCell.h */,
				5A87C95E18A3FB1A00928A4A /* SNInteractionCell.m */,
			);
			name = SNInteractionTableView;
			sourceTree = "<group>";
		};
/* End PBXGroup section */

/* Begin PBXNativeTarget section */
		5A87C84018A3E75800928A4A /* InteractionTableViewExample */ = {
			isa = PBXNativeTarget;
			buildConfigurationList = 5A87C86D18A3E75800928A4A /* Build configuration list for PBXNativeTarget "InteractionTableViewExample" */;
			buildPhases = (
				5A87C83D18A3E75800928A4A /* Sources */,
				5A87C83E18A3E75800928A4A /* Frameworks */,
				5A87C83F18A3E75800928A4A /* Resources */,
			);
			buildRules = (
			);
			dependencies = (
			);
			name = InteractionTableViewExample;
			productName = InteractionTableViewExample;
			productReference = 5A87C84118A3E75800928A4A /* InteractionTableViewExample.app */;
			productType = "com.apple.product-type.application";
		};
		5A87C85B18A3E75800928A4A /* InteractionTableViewExampleTests */ = {
			isa = PBXNativeTarget;
			buildConfigurationList = 5A87C87018A3E75800928A4A /* Build configuration list for PBXNativeTarget "InteractionTableViewExampleTests" */;
			buildPhases = (
				5A87C85818A3E75800928A4A /* Sources */,
				5A87C85918A3E75800928A4A /* Frameworks */,
				5A87C85A18A3E75800928A4A /* Resources */,
			);
			buildRules = (
			);
			dependencies = (
				5A87C86218A3E75800928A4A /* PBXTargetDependency */,
			);
			name = InteractionTableViewExampleTests;
			productName = InteractionTableViewExampleTests;
			productReference = 5A87C85C18A3E75800928A4A /* InteractionTableViewExampleTests.xctest */;
			productType = "com.apple.product-type.bundle.unit-test";
		};
/* End PBXNativeTarget section */

/* Begin PBXProject section */
		5A87C83918A3E75800928A4A /* Project object */ = {
			isa = PBXProject;
			attributes = {
				CLASSPREFIX = SNI;
				LastUpgradeCheck = 0510;
				ORGANIZATIONNAME = simonnickel;
				TargetAttributes = {
					5A87C85B18A3E75800928A4A = {
						TestTargetID = 5A87C84018A3E75800928A4A;
					};
				};
			};
			buildConfigurationList = 5A87C83C18A3E75800928A4A /* Build configuration list for PBXProject "InteractionTableViewExample" */;
			compatibilityVersion = "Xcode 3.2";
			developmentRegion = English;
			hasScannedForEncodings = 0;
			knownRegions = (
				en,
			);
			mainGroup = 5A87C83818A3E75800928A4A;
			productRefGroup = 5A87C84218A3E75800928A4A /* Products */;
			projectDirPath = "";
			projectRoot = "";
			targets = (
				5A87C84018A3E75800928A4A /* InteractionTableViewExample */,
				5A87C85B18A3E75800928A4A /* InteractionTableViewExampleTests */,
			);
		};
/* End PBXProject section */

/* Begin PBXResourcesBuildPhase section */
		5A87C83F18A3E75800928A4A /* Resources */ = {
			isa = PBXResourcesBuildPhase;
			buildActionMask = 2147483647;
			files = (
				5A87C84F18A3E75800928A4A /* InfoPlist.strings in Resources */,
				5A87C87818A3E8BE00928A4A /* Storyboard_iPhone.storyboard in Resources */,
				5A87C85718A3E75800928A4A /* Images.xcassets in Resources */,
				5A87C90E18A3EBCA00928A4A /* Storyboard_iPad.storyboard in Resources */,
			);
			runOnlyForDeploymentPostprocessing = 0;
		};
		5A87C85A18A3E75800928A4A /* Resources */ = {
			isa = PBXResourcesBuildPhase;
			buildActionMask = 2147483647;
			files = (
				5A87C86818A3E75800928A4A /* InfoPlist.strings in Resources */,
			);
			runOnlyForDeploymentPostprocessing = 0;
		};
/* End PBXResourcesBuildPhase section */

/* Begin PBXSourcesBuildPhase section */
		5A87C83D18A3E75800928A4A /* Sources */ = {
			isa = PBXSourcesBuildPhase;
			buildActionMask = 2147483647;
			files = (
				5A87C96518A4020500928A4A /* SNIETableViewCell.m in Sources */,
				5A87C95F18A3FB1B00928A4A /* SNInteractionCell.m in Sources */,
				5A867CB718A6CC9E002F43B8 /* SNInteractionTableViewController.m in Sources */,
				5A87C87B18A3E91A00928A4A /* SNIETableViewController.m in Sources */,
				5A87C85118A3E75800928A4A /* main.m in Sources */,
				5A87C85518A3E75800928A4A /* SNLExampleAppDelegate.m in Sources */,
				5A87C88118A3E9F300928A4A /* SNInteractionTableView.m in Sources */,
			);
			runOnlyForDeploymentPostprocessing = 0;
		};
		5A87C85818A3E75800928A4A /* Sources */ = {
			isa = PBXSourcesBuildPhase;
			buildActionMask = 2147483647;
			files = (
				5A87C86A18A3E75800928A4A /* InteractionTableViewExampleTests.m in Sources */,
			);
			runOnlyForDeploymentPostprocessing = 0;
		};
/* End PBXSourcesBuildPhase section */

/* Begin PBXTargetDependency section */
		5A87C86218A3E75800928A4A /* PBXTargetDependency */ = {
			isa = PBXTargetDependency;
			target = 5A87C84018A3E75800928A4A /* InteractionTableViewExample */;
			targetProxy = 5A87C86118A3E75800928A4A /* PBXContainerItemProxy */;
		};
/* End PBXTargetDependency section */

/* Begin PBXVariantGroup section */
		5A87C84D18A3E75800928A4A /* InfoPlist.strings */ = {
			isa = PBXVariantGroup;
			children = (
				5A87C84E18A3E75800928A4A /* en */,
			);
			name = InfoPlist.strings;
			sourceTree = "<group>";
		};
		5A87C86618A3E75800928A4A /* InfoPlist.strings */ = {
			isa = PBXVariantGroup;
			children = (
				5A87C86718A3E75800928A4A /* en */,
			);
			name = InfoPlist.strings;
			sourceTree = "<group>";
		};
/* End PBXVariantGroup section */

/* Begin XCBuildConfiguration section */
		5A87C86B18A3E75800928A4A /* Debug */ = {
			isa = XCBuildConfiguration;
			buildSettings = {
				ALWAYS_SEARCH_USER_PATHS = NO;
				CLANG_CXX_LANGUAGE_STANDARD = "gnu++0x";
				CLANG_CXX_LIBRARY = "libc++";
				CLANG_ENABLE_MODULES = YES;
				CLANG_ENABLE_OBJC_ARC = YES;
				CLANG_WARN_BOOL_CONVERSION = YES;
				CLANG_WARN_CONSTANT_CONVERSION = YES;
				CLANG_WARN_DIRECT_OBJC_ISA_USAGE = YES_ERROR;
				CLANG_WARN_EMPTY_BODY = YES;
				CLANG_WARN_ENUM_CONVERSION = YES;
				CLANG_WARN_INT_CONVERSION = YES;
				CLANG_WARN_OBJC_ROOT_CLASS = YES_ERROR;
				CLANG_WARN__DUPLICATE_METHOD_MATCH = YES;
				"CODE_SIGN_IDENTITY[sdk=iphoneos*]" = "iPhone Developer";
				COPY_PHASE_STRIP = NO;
				GCC_C_LANGUAGE_STANDARD = gnu99;
				GCC_DYNAMIC_NO_PIC = NO;
				GCC_OPTIMIZATION_LEVEL = 0;
				GCC_PREPROCESSOR_DEFINITIONS = (
					"DEBUG=1",
					"$(inherited)",
				);
				GCC_SYMBOLS_PRIVATE_EXTERN = NO;
				GCC_WARN_64_TO_32_BIT_CONVERSION = YES;
				GCC_WARN_ABOUT_RETURN_TYPE = YES_ERROR;
				GCC_WARN_UNDECLARED_SELECTOR = YES;
				GCC_WARN_UNINITIALIZED_AUTOS = YES;
				GCC_WARN_UNUSED_FUNCTION = YES;
				GCC_WARN_UNUSED_VARIABLE = YES;
				IPHONEOS_DEPLOYMENT_TARGET = 7.0;
				ONLY_ACTIVE_ARCH = YES;
				SDKROOT = iphoneos;
				TARGETED_DEVICE_FAMILY = "1,2";
			};
			name = Debug;
		};
		5A87C86C18A3E75800928A4A /* Release */ = {
			isa = XCBuildConfiguration;
			buildSettings = {
				ALWAYS_SEARCH_USER_PATHS = NO;
				CLANG_CXX_LANGUAGE_STANDARD = "gnu++0x";
				CLANG_CXX_LIBRARY = "libc++";
				CLANG_ENABLE_MODULES = YES;
				CLANG_ENABLE_OBJC_ARC = YES;
				CLANG_WARN_BOOL_CONVERSION = YES;
				CLANG_WARN_CONSTANT_CONVERSION = YES;
				CLANG_WARN_DIRECT_OBJC_ISA_USAGE = YES_ERROR;
				CLANG_WARN_EMPTY_BODY = YES;
				CLANG_WARN_ENUM_CONVERSION = YES;
				CLANG_WARN_INT_CONVERSION = YES;
				CLANG_WARN_OBJC_ROOT_CLASS = YES_ERROR;
				CLANG_WARN__DUPLICATE_METHOD_MATCH = YES;
				"CODE_SIGN_IDENTITY[sdk=iphoneos*]" = "iPhone Developer";
				COPY_PHASE_STRIP = YES;
				ENABLE_NS_ASSERTIONS = NO;
				GCC_C_LANGUAGE_STANDARD = gnu99;
				GCC_WARN_64_TO_32_BIT_CONVERSION = YES;
				GCC_WARN_ABOUT_RETURN_TYPE = YES_ERROR;
				GCC_WARN_UNDECLARED_SELECTOR = YES;
				GCC_WARN_UNINITIALIZED_AUTOS = YES;
				GCC_WARN_UNUSED_FUNCTION = YES;
				GCC_WARN_UNUSED_VARIABLE = YES;
				IPHONEOS_DEPLOYMENT_TARGET = 7.0;
				SDKROOT = iphoneos;
				TARGETED_DEVICE_FAMILY = "1,2";
				VALIDATE_PRODUCT = YES;
			};
			name = Release;
		};
		5A87C86E18A3E75800928A4A /* Debug */ = {
			isa = XCBuildConfiguration;
			buildSettings = {
				ASSETCATALOG_COMPILER_APPICON_NAME = AppIcon;
				ASSETCATALOG_COMPILER_LAUNCHIMAGE_NAME = LaunchImage;
				GCC_PRECOMPILE_PREFIX_HEADER = YES;
				GCC_PREFIX_HEADER = "InteractionTableViewExample/InteractionTableViewExample-Prefix.pch";
				INFOPLIST_FILE = "InteractionTableViewExample/InteractionTableViewExample-Info.plist";
				IPHONEOS_DEPLOYMENT_TARGET = 7.0;
				PRODUCT_NAME = "$(TARGET_NAME)";
				WRAPPER_EXTENSION = app;
			};
			name = Debug;
		};
		5A87C86F18A3E75800928A4A /* Release */ = {
			isa = XCBuildConfiguration;
			buildSettings = {
				ASSETCATALOG_COMPILER_APPICON_NAME = AppIcon;
				ASSETCATALOG_COMPILER_LAUNCHIMAGE_NAME = LaunchImage;
				GCC_PRECOMPILE_PREFIX_HEADER = YES;
				GCC_PREFIX_HEADER = "InteractionTableViewExample/InteractionTableViewExample-Prefix.pch";
				INFOPLIST_FILE = "InteractionTableViewExample/InteractionTableViewExample-Info.plist";
				IPHONEOS_DEPLOYMENT_TARGET = 7.0;
				PRODUCT_NAME = "$(TARGET_NAME)";
				WRAPPER_EXTENSION = app;
			};
			name = Release;
		};
		5A87C87118A3E75800928A4A /* Debug */ = {
			isa = XCBuildConfiguration;
			buildSettings = {
				BUNDLE_LOADER = "$(BUILT_PRODUCTS_DIR)/InteractionTableViewExample.app/InteractionTableViewExample";
				FRAMEWORK_SEARCH_PATHS = (
					"$(SDKROOT)/Developer/Library/Frameworks",
					"$(inherited)",
					"$(DEVELOPER_FRAMEWORKS_DIR)",
				);
				GCC_PRECOMPILE_PREFIX_HEADER = YES;
				GCC_PREFIX_HEADER = "InteractionTableViewExample/InteractionTableViewExample-Prefix.pch";
				GCC_PREPROCESSOR_DEFINITIONS = (
					"DEBUG=1",
					"$(inherited)",
				);
				INFOPLIST_FILE = "InteractionTableViewExampleTests/InteractionTableViewExampleTests-Info.plist";
				PRODUCT_NAME = "$(TARGET_NAME)";
				TEST_HOST = "$(BUNDLE_LOADER)";
				WRAPPER_EXTENSION = xctest;
			};
			name = Debug;
		};
		5A87C87218A3E75800928A4A /* Release */ = {
			isa = XCBuildConfiguration;
			buildSettings = {
				BUNDLE_LOADER = "$(BUILT_PRODUCTS_DIR)/InteractionTableViewExample.app/InteractionTableViewExample";
				FRAMEWORK_SEARCH_PATHS = (
					"$(SDKROOT)/Developer/Library/Frameworks",
					"$(inherited)",
					"$(DEVELOPER_FRAMEWORKS_DIR)",
				);
				GCC_PRECOMPILE_PREFIX_HEADER = YES;
				GCC_PREFIX_HEADER = "InteractionTableViewExample/InteractionTableViewExample-Prefix.pch";
				INFOPLIST_FILE = "InteractionTableViewExampleTests/InteractionTableViewExampleTests-Info.plist";
				PRODUCT_NAME = "$(TARGET_NAME)";
				TEST_HOST = "$(BUNDLE_LOADER)";
				WRAPPER_EXTENSION = xctest;
			};
			name = Release;
		};
/* End XCBuildConfiguration section */

/* Begin XCConfigurationList section */
		5A87C83C18A3E75800928A4A /* Build configuration list for PBXProject "InteractionTableViewExample" */ = {
			isa = XCConfigurationList;
			buildConfigurations = (
				5A87C86B18A3E75800928A4A /* Debug */,
				5A87C86C18A3E75800928A4A /* Release */,
			);
			defaultConfigurationIsVisible = 0;
			defaultConfigurationName = Release;
		};
		5A87C86D18A3E75800928A4A /* Build configuration list for PBXNativeTarget "InteractionTableViewExample" */ = {
			isa = XCConfigurationList;
			buildConfigurations = (
				5A87C86E18A3E75800928A4A /* Debug */,
				5A87C86F18A3E75800928A4A /* Release */,
			);
			defaultConfigurationIsVisible = 0;
			defaultConfigurationName = Release;
		};
		5A87C87018A3E75800928A4A /* Build configuration list for PBXNativeTarget "InteractionTableViewExampleTests" */ = {
			isa = XCConfigurationList;
			buildConfigurations = (
				5A87C87118A3E75800928A4A /* Debug */,
				5A87C87218A3E75800928A4A /* Release */,
			);
			defaultConfigurationIsVisible = 0;
			defaultConfigurationName = Release;
		};
/* End XCConfigurationList section */
	};
	rootObject = 5A87C83918A3E75800928A4A /* Project object */;
}
